
Microsoft Visual Studio Solution File, Format Version 12.00
# Visual Studio Version 17
VisualStudioVersion = 17.8.34525.116
MinimumVisualStudioVersion = 10.0.40219.1
Project("{FAE04EC0-301F-11D3-BF4B-00C04F79EFBC}") = "Easi_TaskDemo", "Easi_TaskDemo\Easi_TaskDemo.csproj", "{2BF31590-9A10-4A7D-8037-6D8000AA4AA5}"
EndProject
Project("{FAE04EC0-301F-11D3-BF4B-00C04F79EFBC}") = "Easy_Task.Application", "Easy_Task.Application\Easy_Task.Application.csproj", "{3F8C99DC-D26A-4D3D-B363-64C1C9091675}"
EndProject
Project("{FAE04EC0-301F-11D3-BF4B-00C04F79EFBC}") = "Easy_Task.Domain", "Easy_Task.Domain\Easy_Task.Domain.csproj", "{F11D03E1-68C6-489D-8548-4941C01341E2}"
EndProject
Project("{FAE04EC0-301F-11D3-BF4B-00C04F79EFBC}") = "Easy_Task.Common", "Easy_Task.Utilities\Easy_Task.Common.csproj", "{C927FE59-C5A2-43AC-A205-0A8E4E396C11}"
EndProject
Project("{FAE04EC0-301F-11D3-BF4B-00C04F79EFBC}") = "Easy_Task.Persistence", "Easy_Task.Persistence\Easy_Task.Persistence.csproj", "{8737E339-5E78-49FF-8D8C-D5E242EAB683}"
EndProject
Global
	GlobalSection(SolutionConfigurationPlatforms) = preSolution
		Debug|Any CPU = Debug|Any CPU
		Release|Any CPU = Release|Any CPU
	EndGlobalSection
	GlobalSection(ProjectConfigurationPlatforms) = postSolution
		{2BF31590-9A10-4A7D-8037-6D8000AA4AA5}.Debug|Any CPU.ActiveCfg = Debug|Any CPU
		{2BF31590-9A10-4A7D-8037-6D8000AA4AA5}.Debug|Any CPU.Build.0 = Debug|Any CPU
		{2BF31590-9A10-4A7D-8037-6D8000AA4AA5}.Release|Any CPU.ActiveCfg = Release|Any CPU
		{2BF31590-9A10-4A7D-8037-6D8000AA4AA5}.Release|Any CPU.Build.0 = Release|Any CPU
		{3F8C99DC-D26A-4D3D-B363-64C1C9091675}.Debug|Any CPU.ActiveCfg = Debug|Any CPU
		{3F8C99DC-D26A-4D3D-B363-64C1C9091675}.Debug|Any CPU.Build.0 = Debug|Any CPU
		{3F8C99DC-D26A-4D3D-B363-64C1C9091675}.Release|Any CPU.ActiveCfg = Release|Any CPU
		{3F8C99DC-D26A-4D3D-B363-64C1C9091675}.Release|Any CPU.Build.0 = Release|Any CPU
		{F11D03E1-68C6-489D-8548-4941C01341E2}.Debug|Any CPU.ActiveCfg = Debug|Any CPU
		{F11D03E1-68C6-489D-8548-4941C01341E2}.Debug|Any CPU.Build.0 = Debug|Any CPU
		{F11D03E1-68C6-489D-8548-4941C01341E2}.Release|Any CPU.ActiveCfg = Release|Any CPU
		{F11D03E1-68C6-489D-8548-4941C01341E2}.Release|Any CPU.Build.0 = Release|Any CPU
		{C927FE59-C5A2-43AC-A205-0A8E4E396C11}.Debug|Any CPU.ActiveCfg = Debug|Any CPU
		{C927FE59-C5A2-43AC-A205-0A8E4E396C11}.Debug|Any CPU.Build.0 = Debug|Any CPU
		{C927FE59-C5A2-43AC-A205-0A8E4E396C11}.Release|Any CPU.ActiveCfg = Release|Any CPU
		{C927FE59-C5A2-43AC-A205-0A8E4E396C11}.Release|Any CPU.Build.0 = Release|Any CPU
		{8737E339-5E78-49FF-8D8C-D5E242EAB683}.Debug|Any CPU.ActiveCfg = Debug|Any CPU
		{8737E339-5E78-49FF-8D8C-D5E242EAB683}.Debug|Any CPU.Build.0 = Debug|Any CPU
		{8737E339-5E78-49FF-8D8C-D5E242EAB683}.Release|Any CPU.ActiveCfg = Release|Any CPU
		{8737E339-5E78-49FF-8D8C-D5E242EAB683}.Release|Any CPU.Build.0 = Release|Any CPU
	EndGlobalSection
	GlobalSection(SolutionProperties) = preSolution
		HideSolutionNode = FALSE
	EndGlobalSection
	GlobalSection(ExtensibilityGlobals) = postSolution
		SolutionGuid = {125B1233-B87F-48CF-B8A7-3B73C30BE920}
	EndGlobalSection
EndGlobal
